
Microsoft Visual Studio Solution File, Format Version 12.00
# Visual Studio Version 16
VisualStudioVersion = 16.0.30523.141
MinimumVisualStudioVersion = 10.0.40219.1
Project("{FAE04EC0-301F-11D3-BF4B-00C04F79EFBC}") = "Day 9 - Easy", "Day 9 - Easy.csproj", "{29FD5D0F-3C05-4039-A2CA-16E0F592A225}"
EndProject
Global
	GlobalSection(SolutionConfigurationPlatforms) = preSolution
		Debug|Any CPU = Debug|Any CPU
		Release|Any CPU = Release|Any CPU
	EndGlobalSection
	GlobalSection(ProjectConfigurationPlatforms) = postSolution
		{29FD5D0F-3C05-4039-A2CA-16E0F592A225}.Debug|Any CPU.ActiveCfg = Debug|Any CPU
		{29FD5D0F-3C05-4039-A2CA-16E0F592A225}.Debug|Any CPU.Build.0 = Debug|Any CPU
		{29FD5D0F-3C05-4039-A2CA-16E0F592A225}.Release|Any CPU.ActiveCfg = Release|Any CPU
		{29FD5D0F-3C05-4039-A2CA-16E0F592A225}.Release|Any CPU.Build.0 = Release|Any CPU
	EndGlobalSection
	GlobalSection(SolutionProperties) = preSolution
		HideSolutionNode = FALSE
	EndGlobalSection
	GlobalSection(ExtensibilityGlobals) = postSolution
		SolutionGuid = {BE28D14F-B718-4791-8C5A-436B84EE2B49}
	EndGlobalSection
EndGlobal
