
Microsoft Visual Studio Solution File, Format Version 12.00
# Visual Studio Version 16
VisualStudioVersion = 16.0.30717.126
MinimumVisualStudioVersion = 10.0.40219.1
Project("{FAE04EC0-301F-11D3-BF4B-00C04F79EFBC}") = "Day 044 - Hard", "Day 044 - Hard.csproj", "{9AF2F354-9387-48D5-B233-F296DFE16C98}"
EndProject
Global
	GlobalSection(SolutionConfigurationPlatforms) = preSolution
		Debug|Any CPU = Debug|Any CPU
		Release|Any CPU = Release|Any CPU
	EndGlobalSection
	GlobalSection(ProjectConfigurationPlatforms) = postSolution
		{9AF2F354-9387-48D5-B233-F296DFE16C98}.Debug|Any CPU.ActiveCfg = Debug|Any CPU
		{9AF2F354-9387-48D5-B233-F296DFE16C98}.Debug|Any CPU.Build.0 = Debug|Any CPU
		{9AF2F354-9387-48D5-B233-F296DFE16C98}.Release|Any CPU.ActiveCfg = Release|Any CPU
		{9AF2F354-9387-48D5-B233-F296DFE16C98}.Release|Any CPU.Build.0 = Release|Any CPU
	EndGlobalSection
	GlobalSection(SolutionProperties) = preSolution
		HideSolutionNode = FALSE
	EndGlobalSection
	GlobalSection(ExtensibilityGlobals) = postSolution
		SolutionGuid = {D13708EF-666C-483D-B177-FB1F26003FCF}
	EndGlobalSection
EndGlobal
