
Microsoft Visual Studio Solution File, Format Version 12.00
# Visual Studio Version 16
VisualStudioVersion = 16.0.30804.86
MinimumVisualStudioVersion = 10.0.40219.1
Project("{FAE04EC0-301F-11D3-BF4B-00C04F79EFBC}") = "Day 064 - Easy", "Day 064 - Easy.csproj", "{BECAD51A-660F-4BC2-A880-E4022714B91A}"
EndProject
Global
	GlobalSection(SolutionConfigurationPlatforms) = preSolution
		Debug|Any CPU = Debug|Any CPU
		Release|Any CPU = Release|Any CPU
	EndGlobalSection
	GlobalSection(ProjectConfigurationPlatforms) = postSolution
		{BECAD51A-660F-4BC2-A880-E4022714B91A}.Debug|Any CPU.ActiveCfg = Debug|Any CPU
		{BECAD51A-660F-4BC2-A880-E4022714B91A}.Debug|Any CPU.Build.0 = Debug|Any CPU
		{BECAD51A-660F-4BC2-A880-E4022714B91A}.Release|Any CPU.ActiveCfg = Release|Any CPU
		{BECAD51A-660F-4BC2-A880-E4022714B91A}.Release|Any CPU.Build.0 = Release|Any CPU
	EndGlobalSection
	GlobalSection(SolutionProperties) = preSolution
		HideSolutionNode = FALSE
	EndGlobalSection
	GlobalSection(ExtensibilityGlobals) = postSolution
		SolutionGuid = {4424FD12-7169-4E5D-9AAB-445F790E9469}
	EndGlobalSection
EndGlobal
