
Microsoft Visual Studio Solution File, Format Version 12.00
# Visual Studio Version 16
VisualStudioVersion = 16.0.30804.86
MinimumVisualStudioVersion = 10.0.40219.1
Project("{FAE04EC0-301F-11D3-BF4B-00C04F79EFBC}") = "Day 072 - Easy", "Day 072 - Easy.csproj", "{8625AD75-CE31-494F-9E4D-0B2B87B1DB39}"
EndProject
Global
	GlobalSection(SolutionConfigurationPlatforms) = preSolution
		Debug|Any CPU = Debug|Any CPU
		Release|Any CPU = Release|Any CPU
	EndGlobalSection
	GlobalSection(ProjectConfigurationPlatforms) = postSolution
		{8625AD75-CE31-494F-9E4D-0B2B87B1DB39}.Debug|Any CPU.ActiveCfg = Debug|Any CPU
		{8625AD75-CE31-494F-9E4D-0B2B87B1DB39}.Debug|Any CPU.Build.0 = Debug|Any CPU
		{8625AD75-CE31-494F-9E4D-0B2B87B1DB39}.Release|Any CPU.ActiveCfg = Release|Any CPU
		{8625AD75-CE31-494F-9E4D-0B2B87B1DB39}.Release|Any CPU.Build.0 = Release|Any CPU
	EndGlobalSection
	GlobalSection(SolutionProperties) = preSolution
		HideSolutionNode = FALSE
	EndGlobalSection
	GlobalSection(ExtensibilityGlobals) = postSolution
		SolutionGuid = {C7D0BA73-9308-4ED2-B1A9-D06BC1F7607F}
	EndGlobalSection
EndGlobal
