
Microsoft Visual Studio Solution File, Format Version 12.00
# Visual Studio Version 16
VisualStudioVersion = 16.0.30717.126
MinimumVisualStudioVersion = 10.0.40219.1
Project("{FAE04EC0-301F-11D3-BF4B-00C04F79EFBC}") = "Day 036 - Easy", "Day 036 - Easy.csproj", "{D8A0C4D4-1573-4346-96BE-210FA6D68B6D}"
EndProject
Global
	GlobalSection(SolutionConfigurationPlatforms) = preSolution
		Debug|Any CPU = Debug|Any CPU
		Release|Any CPU = Release|Any CPU
	EndGlobalSection
	GlobalSection(ProjectConfigurationPlatforms) = postSolution
		{D8A0C4D4-1573-4346-96BE-210FA6D68B6D}.Debug|Any CPU.ActiveCfg = Debug|Any CPU
		{D8A0C4D4-1573-4346-96BE-210FA6D68B6D}.Debug|Any CPU.Build.0 = Debug|Any CPU
		{D8A0C4D4-1573-4346-96BE-210FA6D68B6D}.Release|Any CPU.ActiveCfg = Release|Any CPU
		{D8A0C4D4-1573-4346-96BE-210FA6D68B6D}.Release|Any CPU.Build.0 = Release|Any CPU
	EndGlobalSection
	GlobalSection(SolutionProperties) = preSolution
		HideSolutionNode = FALSE
	EndGlobalSection
	GlobalSection(ExtensibilityGlobals) = postSolution
		SolutionGuid = {A8A9B2D0-1FD9-46C9-AB9C-FE8AE6854BC0}
	EndGlobalSection
EndGlobal
