
Microsoft Visual Studio Solution File, Format Version 12.00
# Visual Studio Version 16
VisualStudioVersion = 16.0.30804.86
MinimumVisualStudioVersion = 10.0.40219.1
Project("{FAE04EC0-301F-11D3-BF4B-00C04F79EFBC}") = "Day 076 - Easy", "Day 076 - Easy.csproj", "{6D77005C-5683-4916-B613-9BEF0D98E16B}"
EndProject
Global
	GlobalSection(SolutionConfigurationPlatforms) = preSolution
		Debug|Any CPU = Debug|Any CPU
		Release|Any CPU = Release|Any CPU
	EndGlobalSection
	GlobalSection(ProjectConfigurationPlatforms) = postSolution
		{6D77005C-5683-4916-B613-9BEF0D98E16B}.Debug|Any CPU.ActiveCfg = Debug|Any CPU
		{6D77005C-5683-4916-B613-9BEF0D98E16B}.Debug|Any CPU.Build.0 = Debug|Any CPU
		{6D77005C-5683-4916-B613-9BEF0D98E16B}.Release|Any CPU.ActiveCfg = Release|Any CPU
		{6D77005C-5683-4916-B613-9BEF0D98E16B}.Release|Any CPU.Build.0 = Release|Any CPU
	EndGlobalSection
	GlobalSection(SolutionProperties) = preSolution
		HideSolutionNode = FALSE
	EndGlobalSection
	GlobalSection(ExtensibilityGlobals) = postSolution
		SolutionGuid = {8BFCF5E0-90DB-4D36-9CD8-449C1047F7DA}
	EndGlobalSection
EndGlobal
