
Microsoft Visual Studio Solution File, Format Version 12.00
# Visual Studio Version 16
VisualStudioVersion = 16.0.30907.101
MinimumVisualStudioVersion = 10.0.40219.1
Project("{FAE04EC0-301F-11D3-BF4B-00C04F79EFBC}") = "Day 096 - Medium", "Day 096 - Medium.csproj", "{6C76FC3A-A761-4CDA-8E6A-9BBC15A76875}"
EndProject
Global
	GlobalSection(SolutionConfigurationPlatforms) = preSolution
		Debug|Any CPU = Debug|Any CPU
		Release|Any CPU = Release|Any CPU
	EndGlobalSection
	GlobalSection(ProjectConfigurationPlatforms) = postSolution
		{6C76FC3A-A761-4CDA-8E6A-9BBC15A76875}.Debug|Any CPU.ActiveCfg = Debug|Any CPU
		{6C76FC3A-A761-4CDA-8E6A-9BBC15A76875}.Debug|Any CPU.Build.0 = Debug|Any CPU
		{6C76FC3A-A761-4CDA-8E6A-9BBC15A76875}.Release|Any CPU.ActiveCfg = Release|Any CPU
		{6C76FC3A-A761-4CDA-8E6A-9BBC15A76875}.Release|Any CPU.Build.0 = Release|Any CPU
	EndGlobalSection
	GlobalSection(SolutionProperties) = preSolution
		HideSolutionNode = FALSE
	EndGlobalSection
	GlobalSection(ExtensibilityGlobals) = postSolution
		SolutionGuid = {AC20A071-B9BD-4216-B682-7B6476DB6DB1}
	EndGlobalSection
EndGlobal
