
Microsoft Visual Studio Solution File, Format Version 12.00
# Visual Studio Version 16
VisualStudioVersion = 16.0.30523.141
MinimumVisualStudioVersion = 10.0.40219.1
Project("{FAE04EC0-301F-11D3-BF4B-00C04F79EFBC}") = "Day 024 - Medium", "Day 024 - Medium.csproj", "{23BED575-2893-4301-BEDE-3EF5577A3ECB}"
EndProject
Global
	GlobalSection(SolutionConfigurationPlatforms) = preSolution
		Debug|Any CPU = Debug|Any CPU
		Release|Any CPU = Release|Any CPU
	EndGlobalSection
	GlobalSection(ProjectConfigurationPlatforms) = postSolution
		{23BED575-2893-4301-BEDE-3EF5577A3ECB}.Debug|Any CPU.ActiveCfg = Debug|Any CPU
		{23BED575-2893-4301-BEDE-3EF5577A3ECB}.Debug|Any CPU.Build.0 = Debug|Any CPU
		{23BED575-2893-4301-BEDE-3EF5577A3ECB}.Release|Any CPU.ActiveCfg = Release|Any CPU
		{23BED575-2893-4301-BEDE-3EF5577A3ECB}.Release|Any CPU.Build.0 = Release|Any CPU
	EndGlobalSection
	GlobalSection(SolutionProperties) = preSolution
		HideSolutionNode = FALSE
	EndGlobalSection
	GlobalSection(ExtensibilityGlobals) = postSolution
		SolutionGuid = {443DD102-8662-4E16-B766-2D2C1FB4D115}
	EndGlobalSection
EndGlobal
