
Microsoft Visual Studio Solution File, Format Version 12.00
# Visual Studio Version 16
VisualStudioVersion = 16.0.30804.86
MinimumVisualStudioVersion = 10.0.40219.1
Project("{FAE04EC0-301F-11D3-BF4B-00C04F79EFBC}") = "Day 062 - Easy", "Day 062 - Easy.csproj", "{7509F851-46FB-4283-9536-702DD6FBB134}"
EndProject
Global
	GlobalSection(SolutionConfigurationPlatforms) = preSolution
		Debug|Any CPU = Debug|Any CPU
		Release|Any CPU = Release|Any CPU
	EndGlobalSection
	GlobalSection(ProjectConfigurationPlatforms) = postSolution
		{7509F851-46FB-4283-9536-702DD6FBB134}.Debug|Any CPU.ActiveCfg = Debug|Any CPU
		{7509F851-46FB-4283-9536-702DD6FBB134}.Debug|Any CPU.Build.0 = Debug|Any CPU
		{7509F851-46FB-4283-9536-702DD6FBB134}.Release|Any CPU.ActiveCfg = Release|Any CPU
		{7509F851-46FB-4283-9536-702DD6FBB134}.Release|Any CPU.Build.0 = Release|Any CPU
	EndGlobalSection
	GlobalSection(SolutionProperties) = preSolution
		HideSolutionNode = FALSE
	EndGlobalSection
	GlobalSection(ExtensibilityGlobals) = postSolution
		SolutionGuid = {6432B206-46BA-4E2D-B49F-DDF2A8F8FB26}
	EndGlobalSection
EndGlobal
