
Microsoft Visual Studio Solution File, Format Version 12.00
# Visual Studio Version 16
VisualStudioVersion = 16.0.30717.126
MinimumVisualStudioVersion = 10.0.40219.1
Project("{FAE04EC0-301F-11D3-BF4B-00C04F79EFBC}") = "Day 048 - Hard", "Day 048 - Hard.csproj", "{87D6295C-993A-4254-BA64-A2F94AB76957}"
EndProject
Global
	GlobalSection(SolutionConfigurationPlatforms) = preSolution
		Debug|Any CPU = Debug|Any CPU
		Release|Any CPU = Release|Any CPU
	EndGlobalSection
	GlobalSection(ProjectConfigurationPlatforms) = postSolution
		{87D6295C-993A-4254-BA64-A2F94AB76957}.Debug|Any CPU.ActiveCfg = Debug|Any CPU
		{87D6295C-993A-4254-BA64-A2F94AB76957}.Debug|Any CPU.Build.0 = Debug|Any CPU
		{87D6295C-993A-4254-BA64-A2F94AB76957}.Release|Any CPU.ActiveCfg = Release|Any CPU
		{87D6295C-993A-4254-BA64-A2F94AB76957}.Release|Any CPU.Build.0 = Release|Any CPU
	EndGlobalSection
	GlobalSection(SolutionProperties) = preSolution
		HideSolutionNode = FALSE
	EndGlobalSection
	GlobalSection(ExtensibilityGlobals) = postSolution
		SolutionGuid = {77AAF564-048A-4CBE-8075-0A2B00A10C8C}
	EndGlobalSection
EndGlobal
