
Microsoft Visual Studio Solution File, Format Version 12.00
# Visual Studio Version 16
VisualStudioVersion = 16.0.30717.126
MinimumVisualStudioVersion = 10.0.40219.1
Project("{FAE04EC0-301F-11D3-BF4B-00C04F79EFBC}") = "Day 038 - Easy", "Day 038 - Easy.csproj", "{91AC67A5-5256-44BA-997C-3B47343B197A}"
EndProject
Global
	GlobalSection(SolutionConfigurationPlatforms) = preSolution
		Debug|Any CPU = Debug|Any CPU
		Release|Any CPU = Release|Any CPU
	EndGlobalSection
	GlobalSection(ProjectConfigurationPlatforms) = postSolution
		{91AC67A5-5256-44BA-997C-3B47343B197A}.Debug|Any CPU.ActiveCfg = Debug|Any CPU
		{91AC67A5-5256-44BA-997C-3B47343B197A}.Debug|Any CPU.Build.0 = Debug|Any CPU
		{91AC67A5-5256-44BA-997C-3B47343B197A}.Release|Any CPU.ActiveCfg = Release|Any CPU
		{91AC67A5-5256-44BA-997C-3B47343B197A}.Release|Any CPU.Build.0 = Release|Any CPU
	EndGlobalSection
	GlobalSection(SolutionProperties) = preSolution
		HideSolutionNode = FALSE
	EndGlobalSection
	GlobalSection(ExtensibilityGlobals) = postSolution
		SolutionGuid = {AC7B5321-EA65-41D1-94DC-4BDB1393FA60}
	EndGlobalSection
EndGlobal
