
Microsoft Visual Studio Solution File, Format Version 12.00
# Visual Studio Version 16
VisualStudioVersion = 16.0.30804.86
MinimumVisualStudioVersion = 10.0.40219.1
Project("{FAE04EC0-301F-11D3-BF4B-00C04F79EFBC}") = "Day 078 - Medium", "Day 078 - Medium.csproj", "{C47D2601-BE41-4D7F-802E-4C22A26039DF}"
EndProject
Global
	GlobalSection(SolutionConfigurationPlatforms) = preSolution
		Debug|Any CPU = Debug|Any CPU
		Release|Any CPU = Release|Any CPU
	EndGlobalSection
	GlobalSection(ProjectConfigurationPlatforms) = postSolution
		{C47D2601-BE41-4D7F-802E-4C22A26039DF}.Debug|Any CPU.ActiveCfg = Debug|Any CPU
		{C47D2601-BE41-4D7F-802E-4C22A26039DF}.Debug|Any CPU.Build.0 = Debug|Any CPU
		{C47D2601-BE41-4D7F-802E-4C22A26039DF}.Release|Any CPU.ActiveCfg = Release|Any CPU
		{C47D2601-BE41-4D7F-802E-4C22A26039DF}.Release|Any CPU.Build.0 = Release|Any CPU
	EndGlobalSection
	GlobalSection(SolutionProperties) = preSolution
		HideSolutionNode = FALSE
	EndGlobalSection
	GlobalSection(ExtensibilityGlobals) = postSolution
		SolutionGuid = {016923C8-B2E3-4C05-8902-7718903B4C15}
	EndGlobalSection
EndGlobal
