
Microsoft Visual Studio Solution File, Format Version 12.00
# Visual Studio Version 16
VisualStudioVersion = 16.0.30717.126
MinimumVisualStudioVersion = 10.0.40219.1
Project("{FAE04EC0-301F-11D3-BF4B-00C04F79EFBC}") = "Day 052 - Easy", "Day 052 - Easy.csproj", "{8CBC1538-328A-4D0A-AD1E-3F431CCB4E5D}"
EndProject
Global
	GlobalSection(SolutionConfigurationPlatforms) = preSolution
		Debug|Any CPU = Debug|Any CPU
		Release|Any CPU = Release|Any CPU
	EndGlobalSection
	GlobalSection(ProjectConfigurationPlatforms) = postSolution
		{8CBC1538-328A-4D0A-AD1E-3F431CCB4E5D}.Debug|Any CPU.ActiveCfg = Debug|Any CPU
		{8CBC1538-328A-4D0A-AD1E-3F431CCB4E5D}.Debug|Any CPU.Build.0 = Debug|Any CPU
		{8CBC1538-328A-4D0A-AD1E-3F431CCB4E5D}.Release|Any CPU.ActiveCfg = Release|Any CPU
		{8CBC1538-328A-4D0A-AD1E-3F431CCB4E5D}.Release|Any CPU.Build.0 = Release|Any CPU
	EndGlobalSection
	GlobalSection(SolutionProperties) = preSolution
		HideSolutionNode = FALSE
	EndGlobalSection
	GlobalSection(ExtensibilityGlobals) = postSolution
		SolutionGuid = {B305AA69-0F3F-4FAD-A153-DAB955815D55}
	EndGlobalSection
EndGlobal
