
Microsoft Visual Studio Solution File, Format Version 12.00
# Visual Studio Version 16
VisualStudioVersion = 16.0.30717.126
MinimumVisualStudioVersion = 10.0.40219.1
Project("{FAE04EC0-301F-11D3-BF4B-00C04F79EFBC}") = "Day 045 - Easy", "Day 045 - Easy.csproj", "{DF340FAE-F8F9-495E-B905-C23DED9FBA59}"
EndProject
Global
	GlobalSection(SolutionConfigurationPlatforms) = preSolution
		Debug|Any CPU = Debug|Any CPU
		Release|Any CPU = Release|Any CPU
	EndGlobalSection
	GlobalSection(ProjectConfigurationPlatforms) = postSolution
		{DF340FAE-F8F9-495E-B905-C23DED9FBA59}.Debug|Any CPU.ActiveCfg = Debug|Any CPU
		{DF340FAE-F8F9-495E-B905-C23DED9FBA59}.Debug|Any CPU.Build.0 = Debug|Any CPU
		{DF340FAE-F8F9-495E-B905-C23DED9FBA59}.Release|Any CPU.ActiveCfg = Release|Any CPU
		{DF340FAE-F8F9-495E-B905-C23DED9FBA59}.Release|Any CPU.Build.0 = Release|Any CPU
	EndGlobalSection
	GlobalSection(SolutionProperties) = preSolution
		HideSolutionNode = FALSE
	EndGlobalSection
	GlobalSection(ExtensibilityGlobals) = postSolution
		SolutionGuid = {55610FFE-3A44-4974-8D8D-F33D297A0EEA}
	EndGlobalSection
EndGlobal
