
Microsoft Visual Studio Solution File, Format Version 12.00
# Visual Studio Version 16
VisualStudioVersion = 16.0.30804.86
MinimumVisualStudioVersion = 10.0.40219.1
Project("{FAE04EC0-301F-11D3-BF4B-00C04F79EFBC}") = "Day 075 - Easy", "Day 075 - Easy.csproj", "{A3ABDC18-189B-4EAC-8746-FC491FC76961}"
EndProject
Global
	GlobalSection(SolutionConfigurationPlatforms) = preSolution
		Debug|Any CPU = Debug|Any CPU
		Release|Any CPU = Release|Any CPU
	EndGlobalSection
	GlobalSection(ProjectConfigurationPlatforms) = postSolution
		{A3ABDC18-189B-4EAC-8746-FC491FC76961}.Debug|Any CPU.ActiveCfg = Debug|Any CPU
		{A3ABDC18-189B-4EAC-8746-FC491FC76961}.Debug|Any CPU.Build.0 = Debug|Any CPU
		{A3ABDC18-189B-4EAC-8746-FC491FC76961}.Release|Any CPU.ActiveCfg = Release|Any CPU
		{A3ABDC18-189B-4EAC-8746-FC491FC76961}.Release|Any CPU.Build.0 = Release|Any CPU
	EndGlobalSection
	GlobalSection(SolutionProperties) = preSolution
		HideSolutionNode = FALSE
	EndGlobalSection
	GlobalSection(ExtensibilityGlobals) = postSolution
		SolutionGuid = {FC1FE21B-D5B0-47CD-AC9C-746F40AF3BD9}
	EndGlobalSection
EndGlobal
